{
  "name": "company-admin-portal",
  "lockfileVersion": 3,
  "requires": true,
  "packages": {
    "": {
      "dependencies": {
        "dotenv": "^17.2.1",
        "secure-env": "^1.2.0"
      }
    },
    "node_modules/dotenv": {
      "version": "17.2.1",
      "resolved": "https://registry.npmjs.org/dotenv/-/dotenv-17.2.1.tgz",
      "integrity": "sha512-kQhDYKZecqnM0fCnzI5eIv5L4cAe/iRI+HqMbO/hbRdTAeXDG+M9FjipUxNfbARuEg4iHIbhnhs78BCHNbSxEQ==",
      "license": "BSD-2-Clause",
      "engines": {
        "node": ">=12"
      },
      "funding": {
        "url": "https://dotenvx.com"
      }
    },
    "node_modules/minimist": {
      "version": "1.2.8",
      "resolved": "https://registry.npmjs.org/minimist/-/minimist-1.2.8.tgz",
      "integrity": "sha512-2yyAR8qBkN3YuheJanUpWC5U3bb5osDywNB8RzDVlDwDHbocAJveqqj1u8+SVD7jkWT4yvsHCpWqqWqAxb0zCA==",
      "license": "MIT",
      "funding": {
        "url": "https://github.com/sponsors/ljharb"
      }
    },
    "node_modules/secure-env": {
      "version": "1.2.0",
      "resolved": "https://registry.npmjs.org/secure-env/-/secure-env-1.2.0.tgz",
      "integrity": "sha512-BNi4AlHP6sMZv3ybFWD5/eieFGcqt93VRLzceUdt3+PftgVnxN7eRY7POtFm5PQqaQn5aoRoxG3A4HH9kUmeKw==",
      "license": "ISC",
      "dependencies": {
        "minimist": "^1.2.0"
      },
      "bin": {
        "secure-env": "dist/es5/lib/cli.js"
      }
    }
  }
}
